
Microsoft Visual Studio Solution File, Format Version 12.00
# Visual Studio Version 17
VisualStudioVersion = 17.8.34322.80
MinimumVisualStudioVersion = 10.0.40219.1
Project("{FAE04EC0-301F-11D3-BF4B-00C04F79EFBC}") = "Week5LogicalOperators", "Week5LogicalOperators\Week5LogicalOperators.csproj", "{2A28628A-0B11-4C03-9982-C55553D7D474}"
EndProject
Project("{FAE04EC0-301F-11D3-BF4B-00C04F79EFBC}") = "ANDoperator", "ANDoperator\ANDoperator.csproj", "{2A4A4FF3-4EB3-4F60-A08A-E7F8D3A390F2}"
EndProject
Project("{FAE04EC0-301F-11D3-BF4B-00C04F79EFBC}") = "ORoperator", "ORoperator\ORoperator.csproj", "{D2EBE29B-C1B2-44FE-93AC-B90D26505DBF}"
EndProject
Project("{FAE04EC0-301F-11D3-BF4B-00C04F79EFBC}") = "ANDranges", "ANDranges\ANDranges.csproj", "{EFB87C30-2A67-4ADE-8C11-D892984398BF}"
EndProject
Global
	GlobalSection(SolutionConfigurationPlatforms) = preSolution
		Debug|Any CPU = Debug|Any CPU
		Release|Any CPU = Release|Any CPU
	EndGlobalSection
	GlobalSection(ProjectConfigurationPlatforms) = postSolution
		{2A28628A-0B11-4C03-9982-C55553D7D474}.Debug|Any CPU.ActiveCfg = Debug|Any CPU
		{2A28628A-0B11-4C03-9982-C55553D7D474}.Debug|Any CPU.Build.0 = Debug|Any CPU
		{2A28628A-0B11-4C03-9982-C55553D7D474}.Release|Any CPU.ActiveCfg = Release|Any CPU
		{2A28628A-0B11-4C03-9982-C55553D7D474}.Release|Any CPU.Build.0 = Release|Any CPU
		{2A4A4FF3-4EB3-4F60-A08A-E7F8D3A390F2}.Debug|Any CPU.ActiveCfg = Debug|Any CPU
		{2A4A4FF3-4EB3-4F60-A08A-E7F8D3A390F2}.Debug|Any CPU.Build.0 = Debug|Any CPU
		{2A4A4FF3-4EB3-4F60-A08A-E7F8D3A390F2}.Release|Any CPU.ActiveCfg = Release|Any CPU
		{2A4A4FF3-4EB3-4F60-A08A-E7F8D3A390F2}.Release|Any CPU.Build.0 = Release|Any CPU
		{D2EBE29B-C1B2-44FE-93AC-B90D26505DBF}.Debug|Any CPU.ActiveCfg = Debug|Any CPU
		{D2EBE29B-C1B2-44FE-93AC-B90D26505DBF}.Debug|Any CPU.Build.0 = Debug|Any CPU
		{D2EBE29B-C1B2-44FE-93AC-B90D26505DBF}.Release|Any CPU.ActiveCfg = Release|Any CPU
		{D2EBE29B-C1B2-44FE-93AC-B90D26505DBF}.Release|Any CPU.Build.0 = Release|Any CPU
		{EFB87C30-2A67-4ADE-8C11-D892984398BF}.Debug|Any CPU.ActiveCfg = Debug|Any CPU
		{EFB87C30-2A67-4ADE-8C11-D892984398BF}.Debug|Any CPU.Build.0 = Debug|Any CPU
		{EFB87C30-2A67-4ADE-8C11-D892984398BF}.Release|Any CPU.ActiveCfg = Release|Any CPU
		{EFB87C30-2A67-4ADE-8C11-D892984398BF}.Release|Any CPU.Build.0 = Release|Any CPU
	EndGlobalSection
	GlobalSection(SolutionProperties) = preSolution
		HideSolutionNode = FALSE
	EndGlobalSection
	GlobalSection(ExtensibilityGlobals) = postSolution
		SolutionGuid = {C05DB6A8-147C-494E-9F6E-EAF0C9BAE874}
	EndGlobalSection
EndGlobal
